
Microsoft Visual Studio Solution File, Format Version 12.00
# Visual Studio 15
VisualStudioVersion = 15.0.28307.421
MinimumVisualStudioVersion = 10.0.40219.1
Project("{FAE04EC0-301F-11D3-BF4B-00C04F79EFBC}") = "Page38_사칙연산", "Page38_사칙연산\Page38_사칙연산.csproj", "{B98336FA-FD93-4353-8BC8-D3A915667FAB}"
EndProject
Global
	GlobalSection(SolutionConfigurationPlatforms) = preSolution
		Debug|Any CPU = Debug|Any CPU
		Release|Any CPU = Release|Any CPU
	EndGlobalSection
	GlobalSection(ProjectConfigurationPlatforms) = postSolution
		{B98336FA-FD93-4353-8BC8-D3A915667FAB}.Debug|Any CPU.ActiveCfg = Debug|Any CPU
		{B98336FA-FD93-4353-8BC8-D3A915667FAB}.Debug|Any CPU.Build.0 = Debug|Any CPU
		{B98336FA-FD93-4353-8BC8-D3A915667FAB}.Release|Any CPU.ActiveCfg = Release|Any CPU
		{B98336FA-FD93-4353-8BC8-D3A915667FAB}.Release|Any CPU.Build.0 = Release|Any CPU
	EndGlobalSection
	GlobalSection(SolutionProperties) = preSolution
		HideSolutionNode = FALSE
	EndGlobalSection
	GlobalSection(ExtensibilityGlobals) = postSolution
		SolutionGuid = {C6FD075D-7D13-4A24-B3A5-4684CF8E1CB5}
	EndGlobalSection
EndGlobal
