
Microsoft Visual Studio Solution File, Format Version 12.00
# Visual Studio 15
VisualStudioVersion = 15.0.28307.421
MinimumVisualStudioVersion = 10.0.40219.1
Project("{FAE04EC0-301F-11D3-BF4B-00C04F79EFBC}") = "Page23_Reference", "Page23_Reference\Page23_Reference.csproj", "{CD9E8018-E5C2-4454-8275-1714A2F34C27}"
EndProject
Global
	GlobalSection(SolutionConfigurationPlatforms) = preSolution
		Debug|Any CPU = Debug|Any CPU
		Release|Any CPU = Release|Any CPU
	EndGlobalSection
	GlobalSection(ProjectConfigurationPlatforms) = postSolution
		{CD9E8018-E5C2-4454-8275-1714A2F34C27}.Debug|Any CPU.ActiveCfg = Debug|Any CPU
		{CD9E8018-E5C2-4454-8275-1714A2F34C27}.Debug|Any CPU.Build.0 = Debug|Any CPU
		{CD9E8018-E5C2-4454-8275-1714A2F34C27}.Release|Any CPU.ActiveCfg = Release|Any CPU
		{CD9E8018-E5C2-4454-8275-1714A2F34C27}.Release|Any CPU.Build.0 = Release|Any CPU
	EndGlobalSection
	GlobalSection(SolutionProperties) = preSolution
		HideSolutionNode = FALSE
	EndGlobalSection
	GlobalSection(ExtensibilityGlobals) = postSolution
		SolutionGuid = {EE8EF3F5-71F4-4C44-A834-CB3BEC12ECBF}
	EndGlobalSection
EndGlobal
