
Microsoft Visual Studio Solution File, Format Version 12.00
# Visual Studio 15
VisualStudioVersion = 15.0.28307.421
MinimumVisualStudioVersion = 10.0.40219.1
Project("{FAE04EC0-301F-11D3-BF4B-00C04F79EFBC}") = "Emp", "Emp\Emp.csproj", "{4AEF3CD1-5C58-4A60-BBE5-C112E7B1D37D}"
EndProject
Global
	GlobalSection(SolutionConfigurationPlatforms) = preSolution
		Debug|Any CPU = Debug|Any CPU
		Release|Any CPU = Release|Any CPU
	EndGlobalSection
	GlobalSection(ProjectConfigurationPlatforms) = postSolution
		{4AEF3CD1-5C58-4A60-BBE5-C112E7B1D37D}.Debug|Any CPU.ActiveCfg = Debug|Any CPU
		{4AEF3CD1-5C58-4A60-BBE5-C112E7B1D37D}.Debug|Any CPU.Build.0 = Debug|Any CPU
		{4AEF3CD1-5C58-4A60-BBE5-C112E7B1D37D}.Release|Any CPU.ActiveCfg = Release|Any CPU
		{4AEF3CD1-5C58-4A60-BBE5-C112E7B1D37D}.Release|Any CPU.Build.0 = Release|Any CPU
	EndGlobalSection
	GlobalSection(SolutionProperties) = preSolution
		HideSolutionNode = FALSE
	EndGlobalSection
	GlobalSection(ExtensibilityGlobals) = postSolution
		SolutionGuid = {ABBF0CFC-323C-4F46-AE96-59C7183B9137}
	EndGlobalSection
EndGlobal
